[metadata]
lock_version = 2
declaration_hash_version = 1
declaration_hash = "sha256:26bb3d412cb8f805b35ed68918b236ed6bd1a0b0cf18e5067a6e2ef1e644d936"
generated_by = "ocx 0.4.3"
generated_at = "2026-07-28T17:02:42Z"

[[tool]]
name = "go-task"
group = "default"
repository = "ocx.sh/go-task"

[tool.platforms]
"darwin/amd64" = "sha256:096c9fd1c8856a41515f5dcc3760e0ff680610aae0861b750cf217315fbe02a9"
"darwin/arm64" = "sha256:0e0ed9cbeef63f7344e933d1e0c09af46c99abd0824bcfed877b5bd2f6091337"
"linux/amd64" = "sha256:d3df40ad238fd278bb1529a1230ce186aedd3eb8c0e5d1c495aa9587c188adcf"
"linux/arm64" = "sha256:78d6b8687428f5f5e2782c11295db4c813d5aab9f0cae0abc86710a2851e51f5"
"windows/amd64" = "sha256:b3c73b637e0d1e8aaacbefb7696cd65e36016edb571b4f0e3eb919b783079ae1"
"windows/arm64" = "sha256:d00de6d5a1ae0c8c2f3e639ef72cc5e7ee78c15dc34ee91cf77d8d84f409a365"

[[tool]]
name = "grim"
group = "default"
repository = "ocx.sh/grim"

[tool.platforms]
"darwin/amd64" = "sha256:20c506793cb00e263ca47463ce7ddae393b97b5bdf13d610999e2c855cf76031"
"darwin/arm64" = "sha256:ca7c2fbaed0979ebd1923992232fcd0567095bc7dab59a84c27aeb71281878e7"
"linux/amd64" = "sha256:0d5442019afc4e2448010c7a5ccede1a2872110db8fc210b723896addabb0c52"
"linux/arm64" = "sha256:9a9e89f31cfab397fa34be070434ee315bdba8e5ac78e0dfadd4f15a75f29ce7"
"windows/amd64" = "sha256:f31bf68202591f52bd813c79777b836d2d58ee8682491816414395414eac5038"
"windows/arm64" = "sha256:be822901f939f8ff2b595e09cda7b65869c7de3906ec4f07bdc6483ac75237fb"

[[tool]]
name = "nodejs"
group = "default"
repository = "ocx.sh/nodejs"

[tool.platforms]
"darwin/amd64" = "sha256:85088057e700ae0cc381032527978fc274c74f3dcd8d47b8c76a03eb01020961"
"darwin/arm64" = "sha256:cbbba349ae3fddf029a27552c4590286e38c880ba7974f144e9df2ec4a45a26b"
"linux/amd64" = "sha256:41bfbf6ebd8a26856a2e6bb1cd4c37671270233fc6c93614e5cec305327266b6"
"linux/arm64" = "sha256:370d4b75abb94c0d87154f1069c2ffeb5953cd326c9ae1188a883efa0727e0db"
"windows/amd64" = "sha256:554213ed94635a7a39310165551e0e0f5643fd9d02c6ab3b2e19765a9d5a4da3"
"windows/arm64" = "sha256:e3a6f77f9ecca89a633c9bbdc25c0cad799a3684c483bbd5922fd0361e84021f"
